
Microsoft Visual Studio Solution File, Format Version 12.00
# Visual Studio Version 17
VisualStudioVersion = 17.14.36301.6 d17.14
MinimumVisualStudioVersion = 10.0.40219.1
Project("{FAE04EC0-301F-11D3-BF4B-00C04F79EFBC}") = "WebsiteDienNha-DoAnChuyenNganh", "WebsiteDienNha-DoAnChuyenNganh.csproj", "{AA258C83-DF3E-45E0-A2F9-5955FBB1640B}"
EndProject
Global
	GlobalSection(SolutionConfigurationPlatforms) = preSolution
		Debug|Any CPU = Debug|Any CPU
		Release|Any CPU = Release|Any CPU
	EndGlobalSection
	GlobalSection(ProjectConfigurationPlatforms) = postSolution
		{AA258C83-DF3E-45E0-A2F9-5955FBB1640B}.Debug|Any CPU.ActiveCfg = Debug|Any CPU
		{AA258C83-DF3E-45E0-A2F9-5955FBB1640B}.Debug|Any CPU.Build.0 = Debug|Any CPU
		{AA258C83-DF3E-45E0-A2F9-5955FBB1640B}.Release|Any CPU.ActiveCfg = Release|Any CPU
		{AA258C83-DF3E-45E0-A2F9-5955FBB1640B}.Release|Any CPU.Build.0 = Release|Any CPU
	EndGlobalSection
	GlobalSection(SolutionProperties) = preSolution
		HideSolutionNode = FALSE
	EndGlobalSection
	GlobalSection(ExtensibilityGlobals) = postSolution
		SolutionGuid = {94C8D0F2-E6E8-4BC6-8F22-7322D7E012B1}
	EndGlobalSection
EndGlobal
